
Microsoft Visual Studio Solution File, Format Version 12.00
# Visual Studio Version 17
VisualStudioVersion = 17.13.35818.85
MinimumVisualStudioVersion = 10.0.40219.1
Project("{FAE04EC0-301F-11D3-BF4B-00C04F79EFBC}") = "Learn.C.Sharp", "Learn.C.Sharp\Learn.C.Sharp.csproj", "{FA60B4FA-CDB3-4072-B5A2-251616189EAB}"
EndProject
Global
	GlobalSection(SolutionConfigurationPlatforms) = preSolution
		Debug|Any CPU = Debug|Any CPU
		Release|Any CPU = Release|Any CPU
	EndGlobalSection
	GlobalSection(ProjectConfigurationPlatforms) = postSolution
		{FA60B4FA-CDB3-4072-B5A2-251616189EAB}.Debug|Any CPU.ActiveCfg = Debug|Any CPU
		{FA60B4FA-CDB3-4072-B5A2-251616189EAB}.Debug|Any CPU.Build.0 = Debug|Any CPU
		{FA60B4FA-CDB3-4072-B5A2-251616189EAB}.Release|Any CPU.ActiveCfg = Release|Any CPU
		{FA60B4FA-CDB3-4072-B5A2-251616189EAB}.Release|Any CPU.Build.0 = Release|Any CPU
	EndGlobalSection
	GlobalSection(SolutionProperties) = preSolution
		HideSolutionNode = FALSE
	EndGlobalSection
	GlobalSection(ExtensibilityGlobals) = postSolution
		SolutionGuid = {3ED92932-83E7-4016-974E-26DC85213642}
	EndGlobalSection
EndGlobal
